
Microsoft Visual Studio Solution File, Format Version 12.00
# Visual Studio Version 17
VisualStudioVersion = 17.7.34202.233
MinimumVisualStudioVersion = 10.0.40219.1
Project("{FAE04EC0-301F-11D3-BF4B-00C04F79EFBC}") = "Labb2_Threads", "Labb2_Threads.csproj", "{998670F2-B979-493A-81B3-2F8DA44D7041}"
EndProject
Global
	GlobalSection(SolutionConfigurationPlatforms) = preSolution
		Debug|Any CPU = Debug|Any CPU
		Release|Any CPU = Release|Any CPU
	EndGlobalSection
	GlobalSection(ProjectConfigurationPlatforms) = postSolution
		{998670F2-B979-493A-81B3-2F8DA44D7041}.Debug|Any CPU.ActiveCfg = Debug|Any CPU
		{998670F2-B979-493A-81B3-2F8DA44D7041}.Debug|Any CPU.Build.0 = Debug|Any CPU
		{998670F2-B979-493A-81B3-2F8DA44D7041}.Release|Any CPU.ActiveCfg = Release|Any CPU
		{998670F2-B979-493A-81B3-2F8DA44D7041}.Release|Any CPU.Build.0 = Release|Any CPU
	EndGlobalSection
	GlobalSection(SolutionProperties) = preSolution
		HideSolutionNode = FALSE
	EndGlobalSection
	GlobalSection(ExtensibilityGlobals) = postSolution
		SolutionGuid = {71465E65-5EAF-493E-8614-B5801D870B55}
	EndGlobalSection
EndGlobal
